
Microsoft Visual Studio Solution File, Format Version 12.00
Project("{FAE04EC0-301F-11D3-BF4B-00C04F79EFBC}") = "AreaFiller", "AreaFiller\AreaFiller.csproj", "{84AF6FDF-3FBF-4F3F-99AE-0D56C371BB6F}"
EndProject
Project("{FAE04EC0-301F-11D3-BF4B-00C04F79EFBC}") = "CactusFarmBuilder", "CactusFarmBuilder\CactusFarmBuilder.csproj", "{84AF6FDF-3FBF-4F3F-99AE-0D56C371BB6F}"
EndProject
Project("{FAE04EC0-301F-11D3-BF4B-00C04F79EFBC}") = "DebugPlugin", "DebugPlugin\DebugPlugin.csproj", "{C8E72344-6E7E-4EE1-8099-C7578FA37525}"
EndProject
Project("{FAE04EC0-301F-11D3-BF4B-00C04F79EFBC}") = "DiscordCommander", "DiscordCommanderPlugin\DiscordCommander.csproj", "{35E8AC6F-3E1F-467A-BFDE-8BAA1564FCE7}"
EndProject
Project("{FAE04EC0-301F-11D3-BF4B-00C04F79EFBC}") = "MobAura", "MobAura\MobAura.csproj", "{E14A22D7-0D88-49E3-A4C1-F82D3FF0A79E}"
EndProject
Project("{FAE04EC0-301F-11D3-BF4B-00C04F79EFBC}") = "RandomWordWinner", "RandomWordWinner\RandomWordWinner.csproj", "{6F4EB571-68C8-4582-B6AC-DCC605B41A0D}"
EndProject
Project("{FAE04EC0-301F-11D3-BF4B-00C04F79EFBC}") = "TreeFarmerPlugin", "TreeFarmer\TreeFarmerPlugin.csproj", "{84AF6FDF-3FBF-4F3F-99AE-0D56C371BB6F}"
EndProject
Project("{FAE04EC0-301F-11D3-BF4B-00C04F79EFBC}") = "PvPWandererBot", "PvPWandererBot\PvPWandererBot.csproj", "{E14A22D7-0D88-49E3-A4C1-F82D3FF0A79E}"
EndProject
Project("{FAE04EC0-301F-11D3-BF4B-00C04F79EFBC}") = "TestPlugin", "TestPlugin\TestPlugin.csproj", "{A105626D-6FEB-4130-B7EA-A03B0382F10D}"
EndProject
Project("{FAE04EC0-301F-11D3-BF4B-00C04F79EFBC}") = "AutoEquiper", "AutoEquiper\AutoEquiper.csproj", "{E14A22D7-0D88-49E3-A4C1-F82D3FF0699E}"
EndProject
Project("{FAE04EC0-301F-11D3-BF4B-00C04F79EFBC}") = "AutoSplashPotion", "AutoSplashPotion\AutoSplashPotion.csproj", "{BB618D6A-F0B2-46D2-9733-FAEFD1C33DDD}"
EndProject
Global
	GlobalSection(SolutionConfigurationPlatforms) = preSolution
		Debug|Any CPU = Debug|Any CPU
		Release|Any CPU = Release|Any CPU
	EndGlobalSection
	GlobalSection(ProjectConfigurationPlatforms) = postSolution
		{84AF6FDF-3FBF-4F3F-99AE-0D56C371BB6F}.Debug|Any CPU.ActiveCfg = Debug|Any CPU
		{84AF6FDF-3FBF-4F3F-99AE-0D56C371BB6F}.Debug|Any CPU.Build.0 = Debug|Any CPU
		{84AF6FDF-3FBF-4F3F-99AE-0D56C371BB6F}.Release|Any CPU.ActiveCfg = Release|Any CPU
		{84AF6FDF-3FBF-4F3F-99AE-0D56C371BB6F}.Release|Any CPU.Build.0 = Release|Any CPU
		{C8E72344-6E7E-4EE1-8099-C7578FA37525}.Debug|Any CPU.ActiveCfg = Debug|Any CPU
		{C8E72344-6E7E-4EE1-8099-C7578FA37525}.Debug|Any CPU.Build.0 = Debug|Any CPU
		{C8E72344-6E7E-4EE1-8099-C7578FA37525}.Release|Any CPU.ActiveCfg = Release|Any CPU
		{C8E72344-6E7E-4EE1-8099-C7578FA37525}.Release|Any CPU.Build.0 = Release|Any CPU
		{35E8AC6F-3E1F-467A-BFDE-8BAA1564FCE7}.Debug|Any CPU.ActiveCfg = Debug|Any CPU
		{35E8AC6F-3E1F-467A-BFDE-8BAA1564FCE7}.Debug|Any CPU.Build.0 = Debug|Any CPU
		{35E8AC6F-3E1F-467A-BFDE-8BAA1564FCE7}.Release|Any CPU.ActiveCfg = Release|Any CPU
		{35E8AC6F-3E1F-467A-BFDE-8BAA1564FCE7}.Release|Any CPU.Build.0 = Release|Any CPU
		{6F4EB571-68C8-4582-B6AC-DCC605B41A0D}.Debug|Any CPU.ActiveCfg = Debug|Any CPU
		{6F4EB571-68C8-4582-B6AC-DCC605B41A0D}.Debug|Any CPU.Build.0 = Debug|Any CPU
		{6F4EB571-68C8-4582-B6AC-DCC605B41A0D}.Release|Any CPU.ActiveCfg = Release|Any CPU
		{6F4EB571-68C8-4582-B6AC-DCC605B41A0D}.Release|Any CPU.Build.0 = Release|Any CPU
		{E14A22D7-0D88-49E3-A4C1-F82D3FF0A79E}.Debug|Any CPU.ActiveCfg = Debug|Any CPU
		{E14A22D7-0D88-49E3-A4C1-F82D3FF0A79E}.Debug|Any CPU.Build.0 = Debug|Any CPU
		{E14A22D7-0D88-49E3-A4C1-F82D3FF0A79E}.Release|Any CPU.ActiveCfg = Release|Any CPU
		{E14A22D7-0D88-49E3-A4C1-F82D3FF0A79E}.Release|Any CPU.Build.0 = Release|Any CPU
		{A105626D-6FEB-4130-B7EA-A03B0382F10D}.Debug|Any CPU.ActiveCfg = Debug|Any CPU
		{A105626D-6FEB-4130-B7EA-A03B0382F10D}.Debug|Any CPU.Build.0 = Debug|Any CPU
		{A105626D-6FEB-4130-B7EA-A03B0382F10D}.Release|Any CPU.ActiveCfg = Release|Any CPU
		{A105626D-6FEB-4130-B7EA-A03B0382F10D}.Release|Any CPU.Build.0 = Release|Any CPU
		{E14A22D7-0D88-49E3-A4C1-F82D3FF0699E}.Debug|Any CPU.ActiveCfg = Debug|Any CPU
		{E14A22D7-0D88-49E3-A4C1-F82D3FF0699E}.Debug|Any CPU.Build.0 = Debug|Any CPU
		{E14A22D7-0D88-49E3-A4C1-F82D3FF0699E}.Release|Any CPU.ActiveCfg = Release|Any CPU
		{E14A22D7-0D88-49E3-A4C1-F82D3FF0699E}.Release|Any CPU.Build.0 = Release|Any CPU
		{BB618D6A-F0B2-46D2-9733-FAEFD1C33DDD}.Debug|Any CPU.ActiveCfg = Debug|Any CPU
		{BB618D6A-F0B2-46D2-9733-FAEFD1C33DDD}.Debug|Any CPU.Build.0 = Debug|Any CPU
		{BB618D6A-F0B2-46D2-9733-FAEFD1C33DDD}.Release|Any CPU.ActiveCfg = Release|Any CPU
		{BB618D6A-F0B2-46D2-9733-FAEFD1C33DDD}.Release|Any CPU.Build.0 = Release|Any CPU
	EndGlobalSection
	GlobalSection(NestedProjects) = preSolution
	EndGlobalSection
EndGlobal
