
Microsoft Visual Studio Solution File, Format Version 12.00
# Visual Studio Version 16
VisualStudioVersion = 16.0.30011.22
MinimumVisualStudioVersion = 10.0.40219.1
Project("{FAE04EC0-301F-11D3-BF4B-00C04F79EFBC}") = "AreaFiller", "AreaFiller\AreaFiller.csproj", "{84AF6FDF-3FBF-4F3F-99AE-0D56C371AB6F}"
EndProject
Project("{FAE04EC0-301F-11D3-BF4B-00C04F79EFBC}") = "CactusFarmBuilder", "CactusFarmBuilder\CactusFarmBuilder.csproj", "{84AF6FDF-3FBF-4F3F-99AE-0D56C371BB6F}"
EndProject
Project("{FAE04EC0-301F-11D3-BF4B-00C04F79EFBC}") = "DebugPlugin", "DebugPlugin\DebugPlugin.csproj", "{C8E72344-6E7E-4EE1-8099-C7578FA37525}"
EndProject
Project("{FAE04EC0-301F-11D3-BF4B-00C04F79EFBC}") = "MobAura", "MobAura\MobAura.csproj", "{E14A22D7-0D88-49E3-A4C1-F82D3FF0A79E}"
EndProject
Project("{FAE04EC0-301F-11D3-BF4B-00C04F79EFBC}") = "TreeFarmerPlugin", "TreeFarmer\TreeFarmerPlugin.csproj", "{84AF6FDF-3FBF-4F3F-99AE-0D56C3769B6F}"
EndProject
Project("{FAE04EC0-301F-11D3-BF4B-00C04F79EFBC}") = "PvPWandererBot", "PvPWandererBot\PvPWandererBot.csproj", "{114AF3E4-510F-458B-BA65-C22B4AD12F57}"
EndProject
Project("{FAE04EC0-301F-11D3-BF4B-00C04F79EFBC}") = "TestPlugin", "TestPlugin\TestPlugin.csproj", "{A348713F-7E6C-48CB-830E-B28824052A84}"
EndProject
Project("{FAE04EC0-301F-11D3-BF4B-00C04F79EFBC}") = "AutoEquiper", "AutoEquiper\AutoEquiper.csproj", "{E14A22D7-0D88-49E3-A4C1-F82D3FF0699E}"
EndProject
Project("{FAE04EC0-301F-11D3-BF4B-00C04F79EFBC}") = "AutoSplashPotion", "AutoSplashPotion\AutoSplashPotion.csproj", "{BB618D6A-F0B2-46D2-9733-FAEFD1C33DDD}"
EndProject
Project("{FAE04EC0-301F-11D3-BF4B-00C04F79EFBC}") = "MacroComment", "MacroComment\MacroComment.csproj", "{6B06BEAD-D649-4E7A-B191-D8088758A1CE}"
EndProject
Project("{2150E333-8FDC-42A3-9474-1A3956D46DE8}") = "Macro Plugins", "Macro Plugins", "{78BD9528-9463-429B-BF6A-3745434FF972}"
EndProject
Project("{2150E333-8FDC-42A3-9474-1A3956D46DE8}") = "GUI Plugins", "GUI Plugins", "{087FB105-4D0D-4B35-9A40-3657CF70F5A6}"
EndProject
Project("{2150E333-8FDC-42A3-9474-1A3956D46DE8}") = "NewFolder1", "NewFolder1", "{8F89F97D-77C4-4B0F-9C95-A86368107C40}"
EndProject
Global
	GlobalSection(SolutionConfigurationPlatforms) = preSolution
		Debug|Any CPU = Debug|Any CPU
		Release|Any CPU = Release|Any CPU
	EndGlobalSection
	GlobalSection(ProjectConfigurationPlatforms) = postSolution
		{84AF6FDF-3FBF-4F3F-99AE-0D56C371AB6F}.Debug|Any CPU.ActiveCfg = Debug|Any CPU
		{84AF6FDF-3FBF-4F3F-99AE-0D56C371AB6F}.Debug|Any CPU.Build.0 = Debug|Any CPU
		{84AF6FDF-3FBF-4F3F-99AE-0D56C371AB6F}.Release|Any CPU.ActiveCfg = Release|Any CPU
		{84AF6FDF-3FBF-4F3F-99AE-0D56C371AB6F}.Release|Any CPU.Build.0 = Release|Any CPU
		{84AF6FDF-3FBF-4F3F-99AE-0D56C371BB6F}.Debug|Any CPU.ActiveCfg = Debug|Any CPU
		{84AF6FDF-3FBF-4F3F-99AE-0D56C371BB6F}.Debug|Any CPU.Build.0 = Debug|Any CPU
		{84AF6FDF-3FBF-4F3F-99AE-0D56C371BB6F}.Release|Any CPU.ActiveCfg = Release|Any CPU
		{84AF6FDF-3FBF-4F3F-99AE-0D56C371BB6F}.Release|Any CPU.Build.0 = Release|Any CPU
		{C8E72344-6E7E-4EE1-8099-C7578FA37525}.Debug|Any CPU.ActiveCfg = Debug|Any CPU
		{C8E72344-6E7E-4EE1-8099-C7578FA37525}.Debug|Any CPU.Build.0 = Debug|Any CPU
		{C8E72344-6E7E-4EE1-8099-C7578FA37525}.Release|Any CPU.ActiveCfg = Release|Any CPU
		{C8E72344-6E7E-4EE1-8099-C7578FA37525}.Release|Any CPU.Build.0 = Release|Any CPU
		{E14A22D7-0D88-49E3-A4C1-F82D3FF0A79E}.Debug|Any CPU.ActiveCfg = Debug|Any CPU
		{E14A22D7-0D88-49E3-A4C1-F82D3FF0A79E}.Debug|Any CPU.Build.0 = Debug|Any CPU
		{E14A22D7-0D88-49E3-A4C1-F82D3FF0A79E}.Release|Any CPU.ActiveCfg = Release|Any CPU
		{E14A22D7-0D88-49E3-A4C1-F82D3FF0A79E}.Release|Any CPU.Build.0 = Release|Any CPU
		{84AF6FDF-3FBF-4F3F-99AE-0D56C3769B6F}.Debug|Any CPU.ActiveCfg = Debug|Any CPU
		{84AF6FDF-3FBF-4F3F-99AE-0D56C3769B6F}.Debug|Any CPU.Build.0 = Debug|Any CPU
		{84AF6FDF-3FBF-4F3F-99AE-0D56C3769B6F}.Release|Any CPU.ActiveCfg = Release|Any CPU
		{84AF6FDF-3FBF-4F3F-99AE-0D56C3769B6F}.Release|Any CPU.Build.0 = Release|Any CPU
		{114AF3E4-510F-458B-BA65-C22B4AD12F57}.Debug|Any CPU.ActiveCfg = Debug|Any CPU
		{114AF3E4-510F-458B-BA65-C22B4AD12F57}.Debug|Any CPU.Build.0 = Debug|Any CPU
		{114AF3E4-510F-458B-BA65-C22B4AD12F57}.Release|Any CPU.ActiveCfg = Release|Any CPU
		{114AF3E4-510F-458B-BA65-C22B4AD12F57}.Release|Any CPU.Build.0 = Release|Any CPU
		{A348713F-7E6C-48CB-830E-B28824052A84}.Debug|Any CPU.ActiveCfg = Debug|Any CPU
		{A348713F-7E6C-48CB-830E-B28824052A84}.Debug|Any CPU.Build.0 = Debug|Any CPU
		{A348713F-7E6C-48CB-830E-B28824052A84}.Release|Any CPU.ActiveCfg = Release|Any CPU
		{A348713F-7E6C-48CB-830E-B28824052A84}.Release|Any CPU.Build.0 = Release|Any CPU
		{E14A22D7-0D88-49E3-A4C1-F82D3FF0699E}.Debug|Any CPU.ActiveCfg = Debug|Any CPU
		{E14A22D7-0D88-49E3-A4C1-F82D3FF0699E}.Debug|Any CPU.Build.0 = Debug|Any CPU
		{E14A22D7-0D88-49E3-A4C1-F82D3FF0699E}.Release|Any CPU.ActiveCfg = Release|Any CPU
		{E14A22D7-0D88-49E3-A4C1-F82D3FF0699E}.Release|Any CPU.Build.0 = Release|Any CPU
		{BB618D6A-F0B2-46D2-9733-FAEFD1C33DDD}.Debug|Any CPU.ActiveCfg = Debug|Any CPU
		{BB618D6A-F0B2-46D2-9733-FAEFD1C33DDD}.Debug|Any CPU.Build.0 = Debug|Any CPU
		{BB618D6A-F0B2-46D2-9733-FAEFD1C33DDD}.Release|Any CPU.ActiveCfg = Release|Any CPU
		{BB618D6A-F0B2-46D2-9733-FAEFD1C33DDD}.Release|Any CPU.Build.0 = Release|Any CPU
		{6B06BEAD-D649-4E7A-B191-D8088758A1CE}.Debug|Any CPU.ActiveCfg = Debug|Any CPU
		{6B06BEAD-D649-4E7A-B191-D8088758A1CE}.Debug|Any CPU.Build.0 = Debug|Any CPU
		{6B06BEAD-D649-4E7A-B191-D8088758A1CE}.Release|Any CPU.ActiveCfg = Release|Any CPU
		{6B06BEAD-D649-4E7A-B191-D8088758A1CE}.Release|Any CPU.Build.0 = Release|Any CPU
	EndGlobalSection
	GlobalSection(SolutionProperties) = preSolution
		HideSolutionNode = FALSE
	EndGlobalSection
	GlobalSection(NestedProjects) = preSolution
		{C8E72344-6E7E-4EE1-8099-C7578FA37525} = {087FB105-4D0D-4B35-9A40-3657CF70F5A6}
		{6B06BEAD-D649-4E7A-B191-D8088758A1CE} = {78BD9528-9463-429B-BF6A-3745434FF972}
	EndGlobalSection
	GlobalSection(ExtensibilityGlobals) = postSolution
		SolutionGuid = {C96D9A50-982E-4D6E-9E66-15D83965A8B7}
	EndGlobalSection
EndGlobal
