
Microsoft Visual Studio Solution File, Format Version 12.00
# Visual Studio Version 16
VisualStudioVersion = 16.0.30011.22
MinimumVisualStudioVersion = 10.0.40219.1
Project("{FAE04EC0-301F-11D3-BF4B-00C04F79EFBC}") = "AreaFiller", "AreaFiller\AreaFiller.csproj", "{84AF6FDF-3FBF-4F3F-99AE-0D56C371AB6F}"
EndProject
Project("{FAE04EC0-301F-11D3-BF4B-00C04F79EFBC}") = "CactusFarmBuilder", "CactusFarmBuilder\CactusFarmBuilder.csproj", "{84AF6FDF-3FBF-4F3F-99AE-0D56C371BB6F}"
EndProject
Project("{FAE04EC0-301F-11D3-BF4B-00C04F79EFBC}") = "DebugPlugin", "DebugPlugin\DebugPlugin.csproj", "{C8E72344-6E7E-4EE1-8099-C7578FA37525}"
EndProject
Project("{FAE04EC0-301F-11D3-BF4B-00C04F79EFBC}") = "DiscordCommander", "DiscordCommanderPlugin\DiscordCommander.csproj", "{35E8AC6F-3E1F-467A-BFDE-8BAA1564FCE7}"
EndProject
Project("{FAE04EC0-301F-11D3-BF4B-00C04F79EFBC}") = "MobAura", "MobAura\MobAura.csproj", "{E14A22D7-0D88-49E3-A4C1-F82D3FF0A79E}"
EndProject
Project("{FAE04EC0-301F-11D3-BF4B-00C04F79EFBC}") = "RandomWordWinner", "RandomWordWinner\RandomWordWinner.csproj", "{6F4EB571-68C8-4582-B6AC-DCC605B41A0D}"
EndProject
Project("{FAE04EC0-301F-11D3-BF4B-00C04F79EFBC}") = "TreeFarmerPlugin", "TreeFarmer\TreeFarmerPlugin.csproj", "{84AF6FDF-3FBF-4F3F-99AE-0D56C3769B6F}"
EndProject
Project("{FAE04EC0-301F-11D3-BF4B-00C04F79EFBC}") = "PvPWandererBot", "PvPWandererBot\PvPWandererBot.csproj", "{114AF3E4-510F-458B-BA65-C22B4AD12F57}"
EndProject
Project("{FAE04EC0-301F-11D3-BF4B-00C04F79EFBC}") = "TestPlugin", "TestPlugin\TestPlugin.csproj", "{A348713F-7E6C-48CB-830E-B28824052A84}"
EndProject
Project("{FAE04EC0-301F-11D3-BF4B-00C04F79EFBC}") = "AutoEquiper", "AutoEquiper\AutoEquiper.csproj", "{E14A22D7-0D88-49E3-A4C1-F82D3FF0699E}"
EndProject
Project("{FAE04EC0-301F-11D3-BF4B-00C04F79EFBC}") = "AutoSplashPotion", "AutoSplashPotion\AutoSplashPotion.csproj", "{BB618D6A-F0B2-46D2-9733-FAEFD1C33DDD}"
EndProject
Project("{FAE04EC0-301F-11D3-BF4B-00C04F79EFBC}") = "MacroConsoleLog", "MacroConsoleLog\MacroConsoleLog.csproj", "{C8D08A16-C533-4F73-AC5F-186CCA216626}"
EndProject
Project("{FAE04EC0-301F-11D3-BF4B-00C04F79EFBC}") = "MacroComment", "MacroComment\MacroComment.csproj", "{6B06BEAD-D649-4E7A-B191-D8088758A1CE}"
EndProject
Global
	GlobalSection(SolutionConfigurationPlatforms) = preSolution
		Debug|Any CPU = Debug|Any CPU
		Release|Any CPU = Release|Any CPU
	EndGlobalSection
	GlobalSection(ProjectConfigurationPlatforms) = postSolution
		{84AF6FDF-3FBF-4F3F-99AE-0D56C371AB6F}.Debug|Any CPU.ActiveCfg = Debug|Any CPU
		{84AF6FDF-3FBF-4F3F-99AE-0D56C371AB6F}.Debug|Any CPU.Build.0 = Debug|Any CPU
		{84AF6FDF-3FBF-4F3F-99AE-0D56C371AB6F}.Release|Any CPU.ActiveCfg = Release|Any CPU
		{84AF6FDF-3FBF-4F3F-99AE-0D56C371AB6F}.Release|Any CPU.Build.0 = Release|Any CPU
		{84AF6FDF-3FBF-4F3F-99AE-0D56C371BB6F}.Debug|Any CPU.ActiveCfg = Debug|Any CPU
		{84AF6FDF-3FBF-4F3F-99AE-0D56C371BB6F}.Debug|Any CPU.Build.0 = Debug|Any CPU
		{84AF6FDF-3FBF-4F3F-99AE-0D56C371BB6F}.Release|Any CPU.ActiveCfg = Release|Any CPU
		{84AF6FDF-3FBF-4F3F-99AE-0D56C371BB6F}.Release|Any CPU.Build.0 = Release|Any CPU
		{C8E72344-6E7E-4EE1-8099-C7578FA37525}.Debug|Any CPU.ActiveCfg = Debug|Any CPU
		{C8E72344-6E7E-4EE1-8099-C7578FA37525}.Debug|Any CPU.Build.0 = Debug|Any CPU
		{C8E72344-6E7E-4EE1-8099-C7578FA37525}.Release|Any CPU.ActiveCfg = Release|Any CPU
		{C8E72344-6E7E-4EE1-8099-C7578FA37525}.Release|Any CPU.Build.0 = Release|Any CPU
		{35E8AC6F-3E1F-467A-BFDE-8BAA1564FCE7}.Debug|Any CPU.ActiveCfg = Debug|Any CPU
		{35E8AC6F-3E1F-467A-BFDE-8BAA1564FCE7}.Debug|Any CPU.Build.0 = Debug|Any CPU
		{35E8AC6F-3E1F-467A-BFDE-8BAA1564FCE7}.Release|Any CPU.ActiveCfg = Release|Any CPU
		{35E8AC6F-3E1F-467A-BFDE-8BAA1564FCE7}.Release|Any CPU.Build.0 = Release|Any CPU
		{E14A22D7-0D88-49E3-A4C1-F82D3FF0A79E}.Debug|Any CPU.ActiveCfg = Debug|Any CPU
		{E14A22D7-0D88-49E3-A4C1-F82D3FF0A79E}.Debug|Any CPU.Build.0 = Debug|Any CPU
		{E14A22D7-0D88-49E3-A4C1-F82D3FF0A79E}.Release|Any CPU.ActiveCfg = Release|Any CPU
		{E14A22D7-0D88-49E3-A4C1-F82D3FF0A79E}.Release|Any CPU.Build.0 = Release|Any CPU
		{6F4EB571-68C8-4582-B6AC-DCC605B41A0D}.Debug|Any CPU.ActiveCfg = Debug|Any CPU
		{6F4EB571-68C8-4582-B6AC-DCC605B41A0D}.Debug|Any CPU.Build.0 = Debug|Any CPU
		{6F4EB571-68C8-4582-B6AC-DCC605B41A0D}.Release|Any CPU.ActiveCfg = Release|Any CPU
		{6F4EB571-68C8-4582-B6AC-DCC605B41A0D}.Release|Any CPU.Build.0 = Release|Any CPU
		{84AF6FDF-3FBF-4F3F-99AE-0D56C3769B6F}.Debug|Any CPU.ActiveCfg = Debug|Any CPU
		{84AF6FDF-3FBF-4F3F-99AE-0D56C3769B6F}.Debug|Any CPU.Build.0 = Debug|Any CPU
		{84AF6FDF-3FBF-4F3F-99AE-0D56C3769B6F}.Release|Any CPU.ActiveCfg = Release|Any CPU
		{84AF6FDF-3FBF-4F3F-99AE-0D56C3769B6F}.Release|Any CPU.Build.0 = Release|Any CPU
		{114AF3E4-510F-458B-BA65-C22B4AD12F57}.Debug|Any CPU.ActiveCfg = Debug|Any CPU
		{114AF3E4-510F-458B-BA65-C22B4AD12F57}.Debug|Any CPU.Build.0 = Debug|Any CPU
		{114AF3E4-510F-458B-BA65-C22B4AD12F57}.Release|Any CPU.ActiveCfg = Release|Any CPU
		{114AF3E4-510F-458B-BA65-C22B4AD12F57}.Release|Any CPU.Build.0 = Release|Any CPU
		{A348713F-7E6C-48CB-830E-B28824052A84}.Debug|Any CPU.ActiveCfg = Debug|Any CPU
		{A348713F-7E6C-48CB-830E-B28824052A84}.Debug|Any CPU.Build.0 = Debug|Any CPU
		{A348713F-7E6C-48CB-830E-B28824052A84}.Release|Any CPU.ActiveCfg = Release|Any CPU
		{A348713F-7E6C-48CB-830E-B28824052A84}.Release|Any CPU.Build.0 = Release|Any CPU
		{E14A22D7-0D88-49E3-A4C1-F82D3FF0699E}.Debug|Any CPU.ActiveCfg = Debug|Any CPU
		{E14A22D7-0D88-49E3-A4C1-F82D3FF0699E}.Debug|Any CPU.Build.0 = Debug|Any CPU
		{E14A22D7-0D88-49E3-A4C1-F82D3FF0699E}.Release|Any CPU.ActiveCfg = Release|Any CPU
		{E14A22D7-0D88-49E3-A4C1-F82D3FF0699E}.Release|Any CPU.Build.0 = Release|Any CPU
		{BB618D6A-F0B2-46D2-9733-FAEFD1C33DDD}.Debug|Any CPU.ActiveCfg = Debug|Any CPU
		{BB618D6A-F0B2-46D2-9733-FAEFD1C33DDD}.Debug|Any CPU.Build.0 = Debug|Any CPU
		{BB618D6A-F0B2-46D2-9733-FAEFD1C33DDD}.Release|Any CPU.ActiveCfg = Release|Any CPU
		{BB618D6A-F0B2-46D2-9733-FAEFD1C33DDD}.Release|Any CPU.Build.0 = Release|Any CPU
		{C8D08A16-C533-4F73-AC5F-186CCA216626}.Debug|Any CPU.ActiveCfg = Debug|Any CPU
		{C8D08A16-C533-4F73-AC5F-186CCA216626}.Debug|Any CPU.Build.0 = Debug|Any CPU
		{C8D08A16-C533-4F73-AC5F-186CCA216626}.Release|Any CPU.ActiveCfg = Release|Any CPU
		{C8D08A16-C533-4F73-AC5F-186CCA216626}.Release|Any CPU.Build.0 = Release|Any CPU
		{6B06BEAD-D649-4E7A-B191-D8088758A1CE}.Debug|Any CPU.ActiveCfg = Debug|Any CPU
		{6B06BEAD-D649-4E7A-B191-D8088758A1CE}.Debug|Any CPU.Build.0 = Debug|Any CPU
		{6B06BEAD-D649-4E7A-B191-D8088758A1CE}.Release|Any CPU.ActiveCfg = Release|Any CPU
		{6B06BEAD-D649-4E7A-B191-D8088758A1CE}.Release|Any CPU.Build.0 = Release|Any CPU
	EndGlobalSection
	GlobalSection(SolutionProperties) = preSolution
		HideSolutionNode = FALSE
	EndGlobalSection
	GlobalSection(ExtensibilityGlobals) = postSolution
		SolutionGuid = {C96D9A50-982E-4D6E-9E66-15D83965A8B7}
	EndGlobalSection
EndGlobal
